// !$*UTF8*$!
{
	archiveVersion = 1;
	classes = {
	};
	objectVersion = 50;
	objects = {

/* Begin PBXBuildFile section */
		BB02D15B24817D700046CA5E /* AppDelegate.swift in Sources */ = {isa = PBXBuildFile; fileRef = BB02D15A24817D700046CA5E /* AppDelegate.swift */; };
		BB02D15D24817D700046CA5E /* SceneDelegate.swift in Sources */ = {isa = PBXBuildFile; fileRef = BB02D15C24817D700046CA5E /* SceneDelegate.swift */; };
		BB02D15F24817D700046CA5E /* ViewController.swift in Sources */ = {isa = PBXBuildFile; fileRef = BB02D15E24817D700046CA5E /* ViewController.swift */; };
		BB02D16224817D700046CA5E /* Main.storyboard in Resources */ = {isa = PBXBuildFile; fileRef = BB02D16024817D700046CA5E /* Main.storyboard */; };
		BB02D16424817D880046CA5E /* Assets.xcassets in Resources */ = {isa = PBXBuildFile; fileRef = BB02D16324817D880046CA5E /* Assets.xcassets */; };
		BB02D16724817D880046CA5E /* LaunchScreen.storyboard in Resources */ = {isa = PBXBuildFile; fileRef = BB02D16524817D880046CA5E /* LaunchScreen.storyboard */; };
		BB02D1742482E00F0046CA5E /* WelcomeViewController.swift in Sources */ = {isa = PBXBuildFile; fileRef = BB02D1732482E00F0046CA5E /* WelcomeViewController.swift */; };
		BBBB0335248318F4001EB807 /* TabBarViewController.swift in Sources */ = {isa = PBXBuildFile; fileRef = BBBB0334248318F4001EB807 /* TabBarViewController.swift */; };
/* End PBXBuildFile section */

/* Begin PBXFileReference section */
		BB02D15724817D700046CA5E /* Home Work 2.4.app */ = {isa = PBXFileReference; explicitFileType = wrapper.application; includeInIndex = 0; path = "Home Work 2.4.app"; sourceTree = BUILT_PRODUCTS_DIR; };
		BB02D15A24817D700046CA5E /* AppDelegate.swift */ = {isa = PBXFileReference; lastKnownFileType = sourcecode.swift; path = AppDelegate.swift; sourceTree = "<group>"; };
		BB02D15C24817D700046CA5E /* SceneDelegate.swift */ = {isa = PBXFileReference; lastKnownFileType = sourcecode.swift; path = SceneDelegate.swift; sourceTree = "<group>"; };
		BB02D15E24817D700046CA5E /* ViewController.swift */ = {isa = PBXFileReference; lastKnownFileType = sourcecode.swift; path = ViewController.swift; sourceTree = "<group>"; };
		BB02D16124817D700046CA5E /* Base */ = {isa = PBXFileReference; lastKnownFileType = file.storyboard; name = Base; path = Base.lproj/Main.storyboard; sourceTree = "<group>"; };
		BB02D16324817D880046CA5E /* Assets.xcassets */ = {isa = PBXFileReference; lastKnownFileType = folder.assetcatalog; path = Assets.xcassets; sourceTree = "<group>"; };
		BB02D16624817D880046CA5E /* Base */ = {isa = PBXFileReference; lastKnownFileType = file.storyboard; name = Base; path = Base.lproj/LaunchScreen.storyboard; sourceTree = "<group>"; };
		BB02D16824817D880046CA5E /* Info.plist */ = {isa = PBXFileReference; lastKnownFileType = text.plist.xml; path = Info.plist; sourceTree = "<group>"; };
		BB02D1732482E00F0046CA5E /* WelcomeViewController.swift */ = {isa = PBXFileReference; lastKnownFileType = sourcecode.swift; path = WelcomeViewController.swift; sourceTree = "<group>"; };
		BBBB0334248318F4001EB807 /* TabBarViewController.swift */ = {isa = PBXFileReference; lastKnownFileType = sourcecode.swift; path = TabBarViewController.swift; sourceTree = "<group>"; };
/* End PBXFileReference section */

/* Begin PBXFrameworksBuildPhase section */
		BB02D15424817D700046CA5E /* Frameworks */ = {
			isa = PBXFrameworksBuildPhase;
			buildActionMask = 2147483647;
			files = (
			);
			runOnlyForDeploymentPostprocessing = 0;
		};
/* End PBXFrameworksBuildPhase section */

/* Begin PBXGroup section */
		BB02D14E24817D700046CA5E = {
			isa = PBXGroup;
			children = (
				BB02D15924817D700046CA5E /* Home Work 2.4 */,
				BB02D15824817D700046CA5E /* Products */,
			);
			sourceTree = "<group>";
		};
		BB02D15824817D700046CA5E /* Products */ = {
			isa = PBXGroup;
			children = (
				BB02D15724817D700046CA5E /* Home Work 2.4.app */,
			);
			name = Products;
			sourceTree = "<group>";
		};
		BB02D15924817D700046CA5E /* Home Work 2.4 */ = {
			isa = PBXGroup;
			children = (
				BB02D16F248180AD0046CA5E /* ViewControllers */,
				BB02D1722481815D0046CA5E /* Models */,
				BB02D170248180FB0046CA5E /* Storyboards */,
				BB02D16E24817E920046CA5E /* SupportingFiles */,
				BB02D171248181410046CA5E /* Sources */,
			);
			path = "Home Work 2.4";
			sourceTree = "<group>";
		};
		BB02D16E24817E920046CA5E /* SupportingFiles */ = {
			isa = PBXGroup;
			children = (
				BB02D16824817D880046CA5E /* Info.plist */,
				BB02D15A24817D700046CA5E /* AppDelegate.swift */,
				BB02D15C24817D700046CA5E /* SceneDelegate.swift */,
			);
			path = SupportingFiles;
			sourceTree = "<group>";
		};
		BB02D16F248180AD0046CA5E /* ViewControllers */ = {
			isa = PBXGroup;
			children = (
				BB02D15E24817D700046CA5E /* ViewController.swift */,
				BBBB0334248318F4001EB807 /* TabBarViewController.swift */,
				BB02D1732482E00F0046CA5E /* WelcomeViewController.swift */,
			);
			path = ViewControllers;
			sourceTree = "<group>";
		};
		BB02D170248180FB0046CA5E /* Storyboards */ = {
			isa = PBXGroup;
			children = (
				BB02D16024817D700046CA5E /* Main.storyboard */,
				BB02D16524817D880046CA5E /* LaunchScreen.storyboard */,
			);
			path = Storyboards;
			sourceTree = "<group>";
		};
		BB02D171248181410046CA5E /* Sources */ = {
			isa = PBXGroup;
			children = (
				BB02D16324817D880046CA5E /* Assets.xcassets */,
			);
			path = Sources;
			sourceTree = "<group>";
		};
		BB02D1722481815D0046CA5E /* Models */ = {
			isa = PBXGroup;
			children = (
			);
			path = Models;
			sourceTree = "<group>";
		};
/* End PBXGroup section */

/* Begin PBXNativeTarget section */
		BB02D15624817D700046CA5E /* Home Work 2.4 */ = {
			isa = PBXNativeTarget;
			buildConfigurationList = BB02D16B24817D880046CA5E /* Build configuration list for PBXNativeTarget "Home Work 2.4" */;
			buildPhases = (
				BB02D15324817D700046CA5E /* Sources */,
				BB02D15424817D700046CA5E /* Frameworks */,
				BB02D15524817D700046CA5E /* Resources */,
			);
			buildRules = (
			);
			dependencies = (
			);
			name = "Home Work 2.4";
			productName = "Home Work 2.4";
			productReference = BB02D15724817D700046CA5E /* Home Work 2.4.app */;
			productType = "com.apple.product-type.application";
		};
/* End PBXNativeTarget section */

/* Begin PBXProject section */
		BB02D14F24817D700046CA5E /* Project object */ = {
			isa = PBXProject;
			attributes = {
				LastSwiftUpdateCheck = 1150;
				LastUpgradeCheck = 1150;
				ORGANIZATIONNAME = "Anzhelika Pikulina";
				TargetAttributes = {
					BB02D15624817D700046CA5E = {
						CreatedOnToolsVersion = 11.5;
					};
				};
			};
			buildConfigurationList = BB02D15224817D700046CA5E /* Build configuration list for PBXProject "Home Work 2.4" */;
			compatibilityVersion = "Xcode 9.3";
			developmentRegion = en;
			hasScannedForEncodings = 0;
			knownRegions = (
				en,
				Base,
			);
			mainGroup = BB02D14E24817D700046CA5E;
			productRefGroup = BB02D15824817D700046CA5E /* Products */;
			projectDirPath = "";
			projectRoot = "";
			targets = (
				BB02D15624817D700046CA5E /* Home Work 2.4 */,
			);
		};
/* End PBXProject section */

/* Begin PBXResourcesBuildPhase section */
		BB02D15524817D700046CA5E /* Resources */ = {
			isa = PBXResourcesBuildPhase;
			buildActionMask = 2147483647;
			files = (
				BB02D16724817D880046CA5E /* LaunchScreen.storyboard in Resources */,
				BB02D16424817D880046CA5E /* Assets.xcassets in Resources */,
				BB02D16224817D700046CA5E /* Main.storyboard in Resources */,
			);
			runOnlyForDeploymentPostprocessing = 0;
		};
/* End PBXResourcesBuildPhase section */

/* Begin PBXSourcesBuildPhase section */
		BB02D15324817D700046CA5E /* Sources */ = {
			isa = PBXSourcesBuildPhase;
			buildActionMask = 2147483647;
			files = (
				BB02D15F24817D700046CA5E /* ViewController.swift in Sources */,
				BB02D1742482E00F0046CA5E /* WelcomeViewController.swift in Sources */,
				BB02D15B24817D700046CA5E /* AppDelegate.swift in Sources */,
				BBBB0335248318F4001EB807 /* TabBarViewController.swift in Sources */,
				BB02D15D24817D700046CA5E /* SceneDelegate.swift in Sources */,
			);
			runOnlyForDeploymentPostprocessing = 0;
		};
/* End PBXSourcesBuildPhase section */

/* Begin PBXVariantGroup section */
		BB02D16024817D700046CA5E /* Main.storyboard */ = {
			isa = PBXVariantGroup;
			children = (
				BB02D16124817D700046CA5E /* Base */,
			);
			name = Main.storyboard;
			sourceTree = "<group>";
		};
		BB02D16524817D880046CA5E /* LaunchScreen.storyboard */ = {
			isa = PBXVariantGroup;
			children = (
				BB02D16624817D880046CA5E /* Base */,
			);
			name = LaunchScreen.storyboard;
			sourceTree = "<group>";
		};
/* End PBXVariantGroup section */

/* Begin XCBuildConfiguration section */
		BB02D16924817D880046CA5E /* Debug */ = {
			isa = XCBuildConfiguration;
			buildSettings = {
				ALWAYS_SEARCH_USER_PATHS = NO;
				CLANG_ANALYZER_NONNULL = YES;
				CLANG_ANALYZER_NUMBER_OBJECT_CONVERSION = YES_AGGRESSIVE;
				CLANG_CXX_LANGUAGE_STANDARD = "gnu++14";
				CLANG_CXX_LIBRARY = "libc++";
				CLANG_ENABLE_MODULES = YES;
				CLANG_ENABLE_OBJC_ARC = YES;
				CLANG_ENABLE_OBJC_WEAK = YES;
				CLANG_WARN_BLOCK_CAPTURE_AUTORELEASING = YES;
				CLANG_WARN_BOOL_CONVERSION = YES;
				CLANG_WARN_COMMA = YES;
				CLANG_WARN_CONSTANT_CONVERSION = YES;
				CLANG_WARN_DEPRECATED_OBJC_IMPLEMENTATIONS = YES;
				CLANG_WARN_DIRECT_OBJC_ISA_USAGE = YES_ERROR;
				CLANG_WARN_DOCUMENTATION_COMMENTS = YES;
				CLANG_WARN_EMPTY_BODY = YES;
				CLANG_WARN_ENUM_CONVERSION = YES;
				CLANG_WARN_INFINITE_RECURSION = YES;
				CLANG_WARN_INT_CONVERSION = YES;
				CLANG_WARN_NON_LITERAL_NULL_CONVERSION = YES;
				CLANG_WARN_OBJC_IMPLICIT_RETAIN_SELF = YES;
				CLANG_WARN_OBJC_LITERAL_CONVERSION = YES;
				CLANG_WARN_OBJC_ROOT_CLASS = YES_ERROR;
				CLANG_WARN_RANGE_LOOP_ANALYSIS = YES;
				CLANG_WARN_STRICT_PROTOTYPES = YES;
				CLANG_WARN_SUSPICIOUS_MOVE = YES;
				CLANG_WARN_UNGUARDED_AVAILABILITY = YES_AGGRESSIVE;
				CLANG_WARN_UNREACHABLE_CODE = YES;
				CLANG_WARN__DUPLICATE_METHOD_MATCH = YES;
				COPY_PHASE_STRIP = NO;
				DEBUG_INFORMATION_FORMAT = dwarf;
				ENABLE_STRICT_OBJC_MSGSEND = YES;
				ENABLE_TESTABILITY = YES;
				GCC_C_LANGUAGE_STANDARD = gnu11;
				GCC_DYNAMIC_NO_PIC = NO;
				GCC_NO_COMMON_BLOCKS = YES;
				GCC_OPTIMIZATION_LEVEL = 0;
				GCC_PREPROCESSOR_DEFINITIONS = (
					"DEBUG=1",
					"$(inherited)",
				);
				GCC_WARN_64_TO_32_BIT_CONVERSION = YES;
				GCC_WARN_ABOUT_RETURN_TYPE = YES_ERROR;
				GCC_WARN_UNDECLARED_SELECTOR = YES;
				GCC_WARN_UNINITIALIZED_AUTOS = YES_AGGRESSIVE;
				GCC_WARN_UNUSED_FUNCTION = YES;
				GCC_WARN_UNUSED_VARIABLE = YES;
				IPHONEOS_DEPLOYMENT_TARGET = 13.5;
				MTL_ENABLE_DEBUG_INFO = INCLUDE_SOURCE;
				MTL_FAST_MATH = YES;
				ONLY_ACTIVE_ARCH = YES;
				SDKROOT = iphoneos;
				SWIFT_ACTIVE_COMPILATION_CONDITIONS = DEBUG;
				SWIFT_OPTIMIZATION_LEVEL = "-Onone";
			};
			name = Debug;
		};
		BB02D16A24817D880046CA5E /* Release */ = {
			isa = XCBuildConfiguration;
			buildSettings = {
				ALWAYS_SEARCH_USER_PATHS = NO;
				CLANG_ANALYZER_NONNULL = YES;
				CLANG_ANALYZER_NUMBER_OBJECT_CONVERSION = YES_AGGRESSIVE;
				CLANG_CXX_LANGUAGE_STANDARD = "gnu++14";
				CLANG_CXX_LIBRARY = "libc++";
				CLANG_ENABLE_MODULES = YES;
				CLANG_ENABLE_OBJC_ARC = YES;
				CLANG_ENABLE_OBJC_WEAK = YES;
				CLANG_WARN_BLOCK_CAPTURE_AUTORELEASING = YES;
				CLANG_WARN_BOOL_CONVERSION = YES;
				CLANG_WARN_COMMA = YES;
				CLANG_WARN_CONSTANT_CONVERSION = YES;
				CLANG_WARN_DEPRECATED_OBJC_IMPLEMENTATIONS = YES;
				CLANG_WARN_DIRECT_OBJC_ISA_USAGE = YES_ERROR;
				CLANG_WARN_DOCUMENTATION_COMMENTS = YES;
				CLANG_WARN_EMPTY_BODY = YES;
				CLANG_WARN_ENUM_CONVERSION = YES;
				CLANG_WARN_INFINITE_RECURSION = YES;
				CLANG_WARN_INT_CONVERSION = YES;
				CLANG_WARN_NON_LITERAL_NULL_CONVERSION = YES;
				CLANG_WARN_OBJC_IMPLICIT_RETAIN_SELF = YES;
				CLANG_WARN_OBJC_LITERAL_CONVERSION = YES;
				CLANG_WARN_OBJC_ROOT_CLASS = YES_ERROR;
				CLANG_WARN_RANGE_LOOP_ANALYSIS = YES;
				CLANG_WARN_STRICT_PROTOTYPES = YES;
				CLANG_WARN_SUSPICIOUS_MOVE = YES;
				CLANG_WARN_UNGUARDED_AVAILABILITY = YES_AGGRESSIVE;
				CLANG_WARN_UNREACHABLE_CODE = YES;
				CLANG_WARN__DUPLICATE_METHOD_MATCH = YES;
				COPY_PHASE_STRIP = NO;
				DEBUG_INFORMATION_FORMAT = "dwarf-with-dsym";
				ENABLE_NS_ASSERTIONS = NO;
				ENABLE_STRICT_OBJC_MSGSEND = YES;
				GCC_C_LANGUAGE_STANDARD = gnu11;
				GCC_NO_COMMON_BLOCKS = YES;
				GCC_WARN_64_TO_32_BIT_CONVERSION = YES;
				GCC_WARN_ABOUT_RETURN_TYPE = YES_ERROR;
				GCC_WARN_UNDECLARED_SELECTOR = YES;
				GCC_WARN_UNINITIALIZED_AUTOS = YES_AGGRESSIVE;
				GCC_WARN_UNUSED_FUNCTION = YES;
				GCC_WARN_UNUSED_VARIABLE = YES;
				IPHONEOS_DEPLOYMENT_TARGET = 13.5;
				MTL_ENABLE_DEBUG_INFO = NO;
				MTL_FAST_MATH = YES;
				SDKROOT = iphoneos;
				SWIFT_COMPILATION_MODE = wholemodule;
				SWIFT_OPTIMIZATION_LEVEL = "-O";
				VALIDATE_PRODUCT = YES;
			};
			name = Release;
		};
		BB02D16C24817D880046CA5E /* Debug */ = {
			isa = XCBuildConfiguration;
			buildSettings = {
				ASSETCATALOG_COMPILER_APPICON_NAME = AppIcon;
				CODE_SIGN_STYLE = Automatic;
				DEVELOPMENT_TEAM = 583RUSKJ3M;
				INFOPLIST_FILE = "Home Work 2.4/SupportingFiles/Info.plist";
				LD_RUNPATH_SEARCH_PATHS = (
					"$(inherited)",
					"@executable_path/Frameworks",
				);
				PRODUCT_BUNDLE_IDENTIFIER = "Anzhelika.Home-Work-2-4";
				PRODUCT_NAME = "$(TARGET_NAME)";
				SWIFT_VERSION = 5.0;
				TARGETED_DEVICE_FAMILY = "1,2";
			};
			name = Debug;
		};
		BB02D16D24817D880046CA5E /* Release */ = {
			isa = XCBuildConfiguration;
			buildSettings = {
				ASSETCATALOG_COMPILER_APPICON_NAME = AppIcon;
				CODE_SIGN_STYLE = Automatic;
				DEVELOPMENT_TEAM = 583RUSKJ3M;
				INFOPLIST_FILE = "Home Work 2.4/SupportingFiles/Info.plist";
				LD_RUNPATH_SEARCH_PATHS = (
					"$(inherited)",
					"@executable_path/Frameworks",
				);
				PRODUCT_BUNDLE_IDENTIFIER = "Anzhelika.Home-Work-2-4";
				PRODUCT_NAME = "$(TARGET_NAME)";
				SWIFT_VERSION = 5.0;
				TARGETED_DEVICE_FAMILY = "1,2";
			};
			name = Release;
		};
/* End XCBuildConfiguration section */

/* Begin XCConfigurationList section */
		BB02D15224817D700046CA5E /* Build configuration list for PBXProject "Home Work 2.4" */ = {
			isa = XCConfigurationList;
			buildConfigurations = (
				BB02D16924817D880046CA5E /* Debug */,
				BB02D16A24817D880046CA5E /* Release */,
			);
			defaultConfigurationIsVisible = 0;
			defaultConfigurationName = Release;
		};
		BB02D16B24817D880046CA5E /* Build configuration list for PBXNativeTarget "Home Work 2.4" */ = {
			isa = XCConfigurationList;
			buildConfigurations = (
				BB02D16C24817D880046CA5E /* Debug */,
				BB02D16D24817D880046CA5E /* Release */,
			);
			defaultConfigurationIsVisible = 0;
			defaultConfigurationName = Release;
		};
/* End XCConfigurationList section */
	};
	rootObject = BB02D14F24817D700046CA5E /* Project object */;
}
